// !$*UTF8*$!
{
	archiveVersion = 1;
	classes = {
	};
	objectVersion = 56;
	objects = {

/* Begin PBXBuildFile section */
		3619B8E82C732AC3003A8F94 /* CheckIfNandItsDoubleExist.swift in Sources */ = {isa = PBXBuildFile; fileRef = 3619B8E72C732AC3003A8F94 /* CheckIfNandItsDoubleExist.swift */; };
		3619B8EC2C770B14003A8F94 /* ValidMountainArray.swift in Sources */ = {isa = PBXBuildFile; fileRef = 3619B8EB2C770B14003A8F94 /* ValidMountainArray.swift */; };
		3619B8EF2C78648E003A8F94 /* ReplaceElementswithGreatestElementonRightSide.swift in Sources */ = {isa = PBXBuildFile; fileRef = 3619B8EE2C78648E003A8F94 /* ReplaceElementswithGreatestElementonRightSide.swift */; };
		362BBAE32C859A550040BBFB /* MoveZeroes.swift in Sources */ = {isa = PBXBuildFile; fileRef = 362BBAE22C859A550040BBFB /* MoveZeroes.swift */; };
		362BBAE62C86F9360040BBFB /* SortArrayByParity.swift in Sources */ = {isa = PBXBuildFile; fileRef = 362BBAE52C86F9360040BBFB /* SortArrayByParity.swift */; };
		362BBAE92C9415BF0040BBFB /* FindPivotIndex.swift in Sources */ = {isa = PBXBuildFile; fileRef = 362BBAE82C9415BF0040BBFB /* FindPivotIndex.swift */; };
		362BBAED2C941AA90040BBFB /* LargestNumberAtLeastTwiceofOthers.swift in Sources */ = {isa = PBXBuildFile; fileRef = 362BBAEC2C941AA90040BBFB /* LargestNumberAtLeastTwiceofOthers.swift */; };
		362BBB152C9809790040BBFB /* PlusOne.swift in Sources */ = {isa = PBXBuildFile; fileRef = 362BBB142C9809790040BBFB /* PlusOne.swift */; };
		362BC4272C9D5EC500E36B62 /* SingleNumber.swift in Sources */ = {isa = PBXBuildFile; fileRef = 362BC4262C9D5EC500E36B62 /* SingleNumber.swift */; };
		362BC42B2CA14FBF00E36B62 /* RotateArray.swift in Sources */ = {isa = PBXBuildFile; fileRef = 362BC42A2CA14FBF00E36B62 /* RotateArray.swift */; };
		362BC42E2CAA938100E36B62 /* IntersectionofTwoArraysII.swift in Sources */ = {isa = PBXBuildFile; fileRef = 362BC42D2CAA938100E36B62 /* IntersectionofTwoArraysII.swift */; };
		3684E6B72CBBD8B400204816 /* MixMerge.swift in Sources */ = {isa = PBXBuildFile; fileRef = 3684E6B62CBBD8AA00204816 /* MixMerge.swift */; };
		36DA3CE72C6351C7003DD7F1 /* main.swift in Sources */ = {isa = PBXBuildFile; fileRef = 36DA3CE62C6351C7003DD7F1 /* main.swift */; };
		36DA3CEF2C6352B5003DD7F1 /* HeightChecker.swift in Sources */ = {isa = PBXBuildFile; fileRef = 36DA3CEE2C6352B5003DD7F1 /* HeightChecker.swift */; };
		36DA3CF22C6359CD003DD7F1 /* ThirdMaximumNumber.swift in Sources */ = {isa = PBXBuildFile; fileRef = 36DA3CF12C6359CD003DD7F1 /* ThirdMaximumNumber.swift */; };
		36DA3CF52C635BB2003DD7F1 /* FindAllNumbersDisappeared.swift in Sources */ = {isa = PBXBuildFile; fileRef = 36DA3CF42C635BB2003DD7F1 /* FindAllNumbersDisappeared.swift */; };
		36DA3CFB2C6490BE003DD7F1 /* SquaresOfASortedArray.swift in Sources */ = {isa = PBXBuildFile; fileRef = 36DA3CFA2C6490BE003DD7F1 /* SquaresOfASortedArray.swift */; };
		36DA3CFF2C69D794003DD7F1 /* DuplicateZeros.swift in Sources */ = {isa = PBXBuildFile; fileRef = 36DA3CFE2C69D794003DD7F1 /* DuplicateZeros.swift */; };
		36DA3D042C6B1BA5003DD7F1 /* MergeSortedArray.swift in Sources */ = {isa = PBXBuildFile; fileRef = 36DA3D032C6B1BA5003DD7F1 /* MergeSortedArray.swift */; };
		36DA3D072C6C4584003DD7F1 /* RemoveElement.swift in Sources */ = {isa = PBXBuildFile; fileRef = 36DA3D062C6C4584003DD7F1 /* RemoveElement.swift */; };
		36DA3D0A2C6DB421003DD7F1 /* RemoveDuplicatesFromSortedArray.swift in Sources */ = {isa = PBXBuildFile; fileRef = 36DA3D092C6DB421003DD7F1 /* RemoveDuplicatesFromSortedArray.swift */; };
/* End PBXBuildFile section */

/* Begin PBXCopyFilesBuildPhase section */
		36DA3CE12C6351C7003DD7F1 /* CopyFiles */ = {
			isa = PBXCopyFilesBuildPhase;
			buildActionMask = 2147483647;
			dstPath = /usr/share/man/man1/;
			dstSubfolderSpec = 0;
			files = (
			);
			runOnlyForDeploymentPostprocessing = 1;
		};
/* End PBXCopyFilesBuildPhase section */

/* Begin PBXFileReference section */
		3619B8E72C732AC3003A8F94 /* CheckIfNandItsDoubleExist.swift */ = {isa = PBXFileReference; lastKnownFileType = sourcecode.swift; path = CheckIfNandItsDoubleExist.swift; sourceTree = "<group>"; };
		3619B8EB2C770B14003A8F94 /* ValidMountainArray.swift */ = {isa = PBXFileReference; lastKnownFileType = sourcecode.swift; path = ValidMountainArray.swift; sourceTree = "<group>"; };
		3619B8EE2C78648E003A8F94 /* ReplaceElementswithGreatestElementonRightSide.swift */ = {isa = PBXFileReference; lastKnownFileType = sourcecode.swift; path = ReplaceElementswithGreatestElementonRightSide.swift; sourceTree = "<group>"; };
		362BBAE22C859A550040BBFB /* MoveZeroes.swift */ = {isa = PBXFileReference; lastKnownFileType = sourcecode.swift; path = MoveZeroes.swift; sourceTree = "<group>"; };
		362BBAE52C86F9360040BBFB /* SortArrayByParity.swift */ = {isa = PBXFileReference; lastKnownFileType = sourcecode.swift; path = SortArrayByParity.swift; sourceTree = "<group>"; };
		362BBAE82C9415BF0040BBFB /* FindPivotIndex.swift */ = {isa = PBXFileReference; lastKnownFileType = sourcecode.swift; path = FindPivotIndex.swift; sourceTree = "<group>"; };
		362BBAEC2C941AA90040BBFB /* LargestNumberAtLeastTwiceofOthers.swift */ = {isa = PBXFileReference; lastKnownFileType = sourcecode.swift; path = LargestNumberAtLeastTwiceofOthers.swift; sourceTree = "<group>"; };
		362BBB142C9809790040BBFB /* PlusOne.swift */ = {isa = PBXFileReference; lastKnownFileType = sourcecode.swift; path = PlusOne.swift; sourceTree = "<group>"; };
		362BC4262C9D5EC500E36B62 /* SingleNumber.swift */ = {isa = PBXFileReference; lastKnownFileType = sourcecode.swift; path = SingleNumber.swift; sourceTree = "<group>"; };
		362BC42A2CA14FBF00E36B62 /* RotateArray.swift */ = {isa = PBXFileReference; lastKnownFileType = sourcecode.swift; path = RotateArray.swift; sourceTree = "<group>"; };
		362BC42D2CAA938100E36B62 /* IntersectionofTwoArraysII.swift */ = {isa = PBXFileReference; lastKnownFileType = sourcecode.swift; path = IntersectionofTwoArraysII.swift; sourceTree = "<group>"; };
		3684E6B62CBBD8AA00204816 /* MixMerge.swift */ = {isa = PBXFileReference; lastKnownFileType = sourcecode.swift; path = MixMerge.swift; sourceTree = "<group>"; };
		36DA3CE32C6351C7003DD7F1 /* Algorithms */ = {isa = PBXFileReference; explicitFileType = "compiled.mach-o.executable"; includeInIndex = 0; path = Algorithms; sourceTree = BUILT_PRODUCTS_DIR; };
		36DA3CE62C6351C7003DD7F1 /* main.swift */ = {isa = PBXFileReference; lastKnownFileType = sourcecode.swift; path = main.swift; sourceTree = "<group>"; };
		36DA3CEE2C6352B5003DD7F1 /* HeightChecker.swift */ = {isa = PBXFileReference; lastKnownFileType = sourcecode.swift; path = HeightChecker.swift; sourceTree = "<group>"; };
		36DA3CF12C6359CD003DD7F1 /* ThirdMaximumNumber.swift */ = {isa = PBXFileReference; lastKnownFileType = sourcecode.swift; path = ThirdMaximumNumber.swift; sourceTree = "<group>"; };
		36DA3CF42C635BB2003DD7F1 /* FindAllNumbersDisappeared.swift */ = {isa = PBXFileReference; lastKnownFileType = sourcecode.swift; path = FindAllNumbersDisappeared.swift; sourceTree = "<group>"; };
		36DA3CFA2C6490BE003DD7F1 /* SquaresOfASortedArray.swift */ = {isa = PBXFileReference; lastKnownFileType = sourcecode.swift; path = SquaresOfASortedArray.swift; sourceTree = "<group>"; };
		36DA3CFE2C69D794003DD7F1 /* DuplicateZeros.swift */ = {isa = PBXFileReference; lastKnownFileType = sourcecode.swift; path = DuplicateZeros.swift; sourceTree = "<group>"; };
		36DA3D032C6B1BA5003DD7F1 /* MergeSortedArray.swift */ = {isa = PBXFileReference; lastKnownFileType = sourcecode.swift; path = MergeSortedArray.swift; sourceTree = "<group>"; };
		36DA3D062C6C4584003DD7F1 /* RemoveElement.swift */ = {isa = PBXFileReference; lastKnownFileType = sourcecode.swift; path = RemoveElement.swift; sourceTree = "<group>"; };
		36DA3D092C6DB421003DD7F1 /* RemoveDuplicatesFromSortedArray.swift */ = {isa = PBXFileReference; lastKnownFileType = sourcecode.swift; path = RemoveDuplicatesFromSortedArray.swift; sourceTree = "<group>"; };
/* End PBXFileReference section */

/* Begin PBXFrameworksBuildPhase section */
		36DA3CE02C6351C7003DD7F1 /* Frameworks */ = {
			isa = PBXFrameworksBuildPhase;
			buildActionMask = 2147483647;
			files = (
			);
			runOnlyForDeploymentPostprocessing = 0;
		};
/* End PBXFrameworksBuildPhase section */

/* Begin PBXGroup section */
		3619B8E62C732A8F003A8F94 /* 1346_CheckIfNandItsDoubleExist */ = {
			isa = PBXGroup;
			children = (
				3619B8E72C732AC3003A8F94 /* CheckIfNandItsDoubleExist.swift */,
			);
			path = 1346_CheckIfNandItsDoubleExist;
			sourceTree = "<group>";
		};
		3619B8EA2C770AF6003A8F94 /* 941_ValidMountainArray */ = {
			isa = PBXGroup;
			children = (
				3619B8EB2C770B14003A8F94 /* ValidMountainArray.swift */,
			);
			path = 941_ValidMountainArray;
			sourceTree = "<group>";
		};
		3619B8ED2C78646B003A8F94 /* 1299_ReplaceElementswithGreatestElementonRightSide */ = {
			isa = PBXGroup;
			children = (
				3619B8EE2C78648E003A8F94 /* ReplaceElementswithGreatestElementonRightSide.swift */,
			);
			path = 1299_ReplaceElementswithGreatestElementonRightSide;
			sourceTree = "<group>";
		};
		362BBAE12C859A400040BBFB /* 283_MoveZeroes */ = {
			isa = PBXGroup;
			children = (
				362BBAE22C859A550040BBFB /* MoveZeroes.swift */,
			);
			path = 283_MoveZeroes;
			sourceTree = "<group>";
		};
		362BBAE42C86F91A0040BBFB /* 905_SortArrayByParity */ = {
			isa = PBXGroup;
			children = (
				362BBAE52C86F9360040BBFB /* SortArrayByParity.swift */,
			);
			path = 905_SortArrayByParity;
			sourceTree = "<group>";
		};
		362BBAE72C9415A40040BBFB /* 724_FindPivotIndex */ = {
			isa = PBXGroup;
			children = (
				362BBAE82C9415BF0040BBFB /* FindPivotIndex.swift */,
			);
			path = 724_FindPivotIndex;
			sourceTree = "<group>";
		};
		362BBAEA2C941A890040BBFB /* 747_LargestNumberAtLeastTwiceofOthers  */ = {
			isa = PBXGroup;
			children = (
				362BBAEC2C941AA90040BBFB /* LargestNumberAtLeastTwiceofOthers.swift */,
			);
			path = "747_LargestNumberAtLeastTwiceofOthers ";
			sourceTree = "<group>";
		};
		362BBB132C98096F0040BBFB /* 66_PlusOne */ = {
			isa = PBXGroup;
			children = (
				362BBB142C9809790040BBFB /* PlusOne.swift */,
			);
			path = 66_PlusOne;
			sourceTree = "<group>";
		};
		362BC4252C9D5EB800E36B62 /* 136_SingleNumber */ = {
			isa = PBXGroup;
			children = (
				362BC4262C9D5EC500E36B62 /* SingleNumber.swift */,
			);
			path = 136_SingleNumber;
			sourceTree = "<group>";
		};
		362BC4292CA14FAD00E36B62 /* 189_RotateArray */ = {
			isa = PBXGroup;
			children = (
				362BC42A2CA14FBF00E36B62 /* RotateArray.swift */,
			);
			path = 189_RotateArray;
			sourceTree = "<group>";
		};
		362BC42C2CAA934E00E36B62 /* 350_IntersectionofTwoArraysII */ = {
			isa = PBXGroup;
			children = (
				362BC42D2CAA938100E36B62 /* IntersectionofTwoArraysII.swift */,
			);
			path = 350_IntersectionofTwoArraysII;
			sourceTree = "<group>";
		};
		3684E6B52CBBD89700204816 /* MixMerge */ = {
			isa = PBXGroup;
			children = (
				3684E6B62CBBD8AA00204816 /* MixMerge.swift */,
			);
			path = MixMerge;
			sourceTree = "<group>";
		};
		36DA3CDA2C6351C7003DD7F1 = {
			isa = PBXGroup;
			children = (
				36DA3CE52C6351C7003DD7F1 /* Algorithms */,
				36DA3CE42C6351C7003DD7F1 /* Products */,
			);
			sourceTree = "<group>";
		};
		36DA3CE42C6351C7003DD7F1 /* Products */ = {
			isa = PBXGroup;
			children = (
				36DA3CE32C6351C7003DD7F1 /* Algorithms */,
			);
			name = Products;
			sourceTree = "<group>";
		};
		36DA3CE52C6351C7003DD7F1 /* Algorithms */ = {
			isa = PBXGroup;
			children = (
				3684E6B52CBBD89700204816 /* MixMerge */,
				362BC42C2CAA934E00E36B62 /* 350_IntersectionofTwoArraysII */,
				362BC4292CA14FAD00E36B62 /* 189_RotateArray */,
				362BC4252C9D5EB800E36B62 /* 136_SingleNumber */,
				362BBB132C98096F0040BBFB /* 66_PlusOne */,
				362BBAEA2C941A890040BBFB /* 747_LargestNumberAtLeastTwiceofOthers  */,
				362BBAE72C9415A40040BBFB /* 724_FindPivotIndex */,
				362BBAE42C86F91A0040BBFB /* 905_SortArrayByParity */,
				362BBAE12C859A400040BBFB /* 283_MoveZeroes */,
				3619B8ED2C78646B003A8F94 /* 1299_ReplaceElementswithGreatestElementonRightSide */,
				3619B8EA2C770AF6003A8F94 /* 941_ValidMountainArray */,
				3619B8E62C732A8F003A8F94 /* 1346_CheckIfNandItsDoubleExist */,
				36DA3D082C6DB400003DD7F1 /* 26_RemoveDuplicatesFromSortedArray */,
				36DA3D052C6C456D003DD7F1 /* 27_RemoveElement */,
				36DA3D022C6B1A44003DD7F1 /* 88_MergeSortedArray */,
				36DA3CFD2C69D77E003DD7F1 /* 1089_DuplicateZeros */,
				36DA3CF92C649099003DD7F1 /* 977_SquaresOfASortedArray */,
				36DA3CF32C635B68003DD7F1 /* 448_FindAllNumbersDisappeared */,
				36DA3CF02C6359B7003DD7F1 /* 414_ThirdMaximumNumber */,
				36DA3CED2C63525A003DD7F1 /* 1051_HeightChecker */,
				36DA3CE62C6351C7003DD7F1 /* main.swift */,
			);
			path = Algorithms;
			sourceTree = "<group>";
		};
		36DA3CED2C63525A003DD7F1 /* 1051_HeightChecker */ = {
			isa = PBXGroup;
			children = (
				36DA3CEE2C6352B5003DD7F1 /* HeightChecker.swift */,
			);
			path = 1051_HeightChecker;
			sourceTree = "<group>";
		};
		36DA3CF02C6359B7003DD7F1 /* 414_ThirdMaximumNumber */ = {
			isa = PBXGroup;
			children = (
				36DA3CF12C6359CD003DD7F1 /* ThirdMaximumNumber.swift */,
			);
			path = 414_ThirdMaximumNumber;
			sourceTree = "<group>";
		};
		36DA3CF32C635B68003DD7F1 /* 448_FindAllNumbersDisappeared */ = {
			isa = PBXGroup;
			children = (
				36DA3CF42C635BB2003DD7F1 /* FindAllNumbersDisappeared.swift */,
			);
			path = 448_FindAllNumbersDisappeared;
			sourceTree = "<group>";
		};
		36DA3CF92C649099003DD7F1 /* 977_SquaresOfASortedArray */ = {
			isa = PBXGroup;
			children = (
				36DA3CFA2C6490BE003DD7F1 /* SquaresOfASortedArray.swift */,
			);
			path = 977_SquaresOfASortedArray;
			sourceTree = "<group>";
		};
		36DA3CFD2C69D77E003DD7F1 /* 1089_DuplicateZeros */ = {
			isa = PBXGroup;
			children = (
				36DA3CFE2C69D794003DD7F1 /* DuplicateZeros.swift */,
			);
			path = 1089_DuplicateZeros;
			sourceTree = "<group>";
		};
		36DA3D022C6B1A44003DD7F1 /* 88_MergeSortedArray */ = {
			isa = PBXGroup;
			children = (
				36DA3D032C6B1BA5003DD7F1 /* MergeSortedArray.swift */,
			);
			path = 88_MergeSortedArray;
			sourceTree = "<group>";
		};
		36DA3D052C6C456D003DD7F1 /* 27_RemoveElement */ = {
			isa = PBXGroup;
			children = (
				36DA3D062C6C4584003DD7F1 /* RemoveElement.swift */,
			);
			path = 27_RemoveElement;
			sourceTree = "<group>";
		};
		36DA3D082C6DB400003DD7F1 /* 26_RemoveDuplicatesFromSortedArray */ = {
			isa = PBXGroup;
			children = (
				36DA3D092C6DB421003DD7F1 /* RemoveDuplicatesFromSortedArray.swift */,
			);
			path = 26_RemoveDuplicatesFromSortedArray;
			sourceTree = "<group>";
		};
/* End PBXGroup section */

/* Begin PBXNativeTarget section */
		36DA3CE22C6351C7003DD7F1 /* Algorithms */ = {
			isa = PBXNativeTarget;
			buildConfigurationList = 36DA3CEA2C6351C7003DD7F1 /* Build configuration list for PBXNativeTarget "Algorithms" */;
			buildPhases = (
				36DA3CDF2C6351C7003DD7F1 /* Sources */,
				36DA3CE02C6351C7003DD7F1 /* Frameworks */,
				36DA3CE12C6351C7003DD7F1 /* CopyFiles */,
			);
			buildRules = (
			);
			dependencies = (
			);
			name = Algorithms;
			productName = Algorithms;
			productReference = 36DA3CE32C6351C7003DD7F1 /* Algorithms */;
			productType = "com.apple.product-type.tool";
		};
/* End PBXNativeTarget section */

/* Begin PBXProject section */
		36DA3CDB2C6351C7003DD7F1 /* Project object */ = {
			isa = PBXProject;
			attributes = {
				BuildIndependentTargetsInParallel = 1;
				LastSwiftUpdateCheck = 1500;
				LastUpgradeCheck = 1500;
				TargetAttributes = {
					36DA3CE22C6351C7003DD7F1 = {
						CreatedOnToolsVersion = 15.0.1;
					};
				};
			};
			buildConfigurationList = 36DA3CDE2C6351C7003DD7F1 /* Build configuration list for PBXProject "Algorithms" */;
			compatibilityVersion = "Xcode 14.0";
			developmentRegion = en;
			hasScannedForEncodings = 0;
			knownRegions = (
				en,
				Base,
			);
			mainGroup = 36DA3CDA2C6351C7003DD7F1;
			productRefGroup = 36DA3CE42C6351C7003DD7F1 /* Products */;
			projectDirPath = "";
			projectRoot = "";
			targets = (
				36DA3CE22C6351C7003DD7F1 /* Algorithms */,
			);
		};
/* End PBXProject section */

/* Begin PBXSourcesBuildPhase section */
		36DA3CDF2C6351C7003DD7F1 /* Sources */ = {
			isa = PBXSourcesBuildPhase;
			buildActionMask = 2147483647;
			files = (
				362BBAE92C9415BF0040BBFB /* FindPivotIndex.swift in Sources */,
				36DA3CF22C6359CD003DD7F1 /* ThirdMaximumNumber.swift in Sources */,
				362BBAED2C941AA90040BBFB /* LargestNumberAtLeastTwiceofOthers.swift in Sources */,
				36DA3CEF2C6352B5003DD7F1 /* HeightChecker.swift in Sources */,
				36DA3D042C6B1BA5003DD7F1 /* MergeSortedArray.swift in Sources */,
				36DA3CF52C635BB2003DD7F1 /* FindAllNumbersDisappeared.swift in Sources */,
				362BC4272C9D5EC500E36B62 /* SingleNumber.swift in Sources */,
				3619B8EF2C78648E003A8F94 /* ReplaceElementswithGreatestElementonRightSide.swift in Sources */,
				3619B8E82C732AC3003A8F94 /* CheckIfNandItsDoubleExist.swift in Sources */,
				36DA3D0A2C6DB421003DD7F1 /* RemoveDuplicatesFromSortedArray.swift in Sources */,
				36DA3CFB2C6490BE003DD7F1 /* SquaresOfASortedArray.swift in Sources */,
				3619B8EC2C770B14003A8F94 /* ValidMountainArray.swift in Sources */,
				362BC42E2CAA938100E36B62 /* IntersectionofTwoArraysII.swift in Sources */,
				362BBB152C9809790040BBFB /* PlusOne.swift in Sources */,
				362BBAE62C86F9360040BBFB /* SortArrayByParity.swift in Sources */,
				362BBAE32C859A550040BBFB /* MoveZeroes.swift in Sources */,
				36DA3CE72C6351C7003DD7F1 /* main.swift in Sources */,
				362BC42B2CA14FBF00E36B62 /* RotateArray.swift in Sources */,
				3684E6B72CBBD8B400204816 /* MixMerge.swift in Sources */,
				36DA3D072C6C4584003DD7F1 /* RemoveElement.swift in Sources */,
				36DA3CFF2C69D794003DD7F1 /* DuplicateZeros.swift in Sources */,
			);
			runOnlyForDeploymentPostprocessing = 0;
		};
/* End PBXSourcesBuildPhase section */

/* Begin XCBuildConfiguration section */
		36DA3CE82C6351C7003DD7F1 /* Debug */ = {
			isa = XCBuildConfiguration;
			buildSettings = {
				ALWAYS_SEARCH_USER_PATHS = NO;
				ASSETCATALOG_COMPILER_GENERATE_SWIFT_ASSET_SYMBOL_EXTENSIONS = YES;
				CLANG_ANALYZER_NONNULL = YES;
				CLANG_ANALYZER_NUMBER_OBJECT_CONVERSION = YES_AGGRESSIVE;
				CLANG_CXX_LANGUAGE_STANDARD = "gnu++20";
				CLANG_ENABLE_MODULES = YES;
				CLANG_ENABLE_OBJC_ARC = YES;
				CLANG_ENABLE_OBJC_WEAK = YES;
				CLANG_WARN_BLOCK_CAPTURE_AUTORELEASING = YES;
				CLANG_WARN_BOOL_CONVERSION = YES;
				CLANG_WARN_COMMA = YES;
				CLANG_WARN_CONSTANT_CONVERSION = YES;
				CLANG_WARN_DEPRECATED_OBJC_IMPLEMENTATIONS = YES;
				CLANG_WARN_DIRECT_OBJC_ISA_USAGE = YES_ERROR;
				CLANG_WARN_DOCUMENTATION_COMMENTS = YES;
				CLANG_WARN_EMPTY_BODY = YES;
				CLANG_WARN_ENUM_CONVERSION = YES;
				CLANG_WARN_INFINITE_RECURSION = YES;
				CLANG_WARN_INT_CONVERSION = YES;
				CLANG_WARN_NON_LITERAL_NULL_CONVERSION = YES;
				CLANG_WARN_OBJC_IMPLICIT_RETAIN_SELF = YES;
				CLANG_WARN_OBJC_LITERAL_CONVERSION = YES;
				CLANG_WARN_OBJC_ROOT_CLASS = YES_ERROR;
				CLANG_WARN_QUOTED_INCLUDE_IN_FRAMEWORK_HEADER = YES;
				CLANG_WARN_RANGE_LOOP_ANALYSIS = YES;
				CLANG_WARN_STRICT_PROTOTYPES = YES;
				CLANG_WARN_SUSPICIOUS_MOVE = YES;
				CLANG_WARN_UNGUARDED_AVAILABILITY = YES_AGGRESSIVE;
				CLANG_WARN_UNREACHABLE_CODE = YES;
				CLANG_WARN__DUPLICATE_METHOD_MATCH = YES;
				COPY_PHASE_STRIP = NO;
				DEBUG_INFORMATION_FORMAT = dwarf;
				ENABLE_STRICT_OBJC_MSGSEND = YES;
				ENABLE_TESTABILITY = YES;
				ENABLE_USER_SCRIPT_SANDBOXING = YES;
				GCC_C_LANGUAGE_STANDARD = gnu17;
				GCC_DYNAMIC_NO_PIC = NO;
				GCC_NO_COMMON_BLOCKS = YES;
				GCC_OPTIMIZATION_LEVEL = 0;
				GCC_PREPROCESSOR_DEFINITIONS = (
					"DEBUG=1",
					"$(inherited)",
				);
				GCC_WARN_64_TO_32_BIT_CONVERSION = YES;
				GCC_WARN_ABOUT_RETURN_TYPE = YES_ERROR;
				GCC_WARN_UNDECLARED_SELECTOR = YES;
				GCC_WARN_UNINITIALIZED_AUTOS = YES_AGGRESSIVE;
				GCC_WARN_UNUSED_FUNCTION = YES;
				GCC_WARN_UNUSED_VARIABLE = YES;
				LOCALIZATION_PREFERS_STRING_CATALOGS = YES;
				MACOSX_DEPLOYMENT_TARGET = 14.0;
				MTL_ENABLE_DEBUG_INFO = INCLUDE_SOURCE;
				MTL_FAST_MATH = YES;
				ONLY_ACTIVE_ARCH = YES;
				SDKROOT = macosx;
				SWIFT_ACTIVE_COMPILATION_CONDITIONS = "DEBUG $(inherited)";
				SWIFT_OPTIMIZATION_LEVEL = "-Onone";
			};
			name = Debug;
		};
		36DA3CE92C6351C7003DD7F1 /* Release */ = {
			isa = XCBuildConfiguration;
			buildSettings = {
				ALWAYS_SEARCH_USER_PATHS = NO;
				ASSETCATALOG_COMPILER_GENERATE_SWIFT_ASSET_SYMBOL_EXTENSIONS = YES;
				CLANG_ANALYZER_NONNULL = YES;
				CLANG_ANALYZER_NUMBER_OBJECT_CONVERSION = YES_AGGRESSIVE;
				CLANG_CXX_LANGUAGE_STANDARD = "gnu++20";
				CLANG_ENABLE_MODULES = YES;
				CLANG_ENABLE_OBJC_ARC = YES;
				CLANG_ENABLE_OBJC_WEAK = YES;
				CLANG_WARN_BLOCK_CAPTURE_AUTORELEASING = YES;
				CLANG_WARN_BOOL_CONVERSION = YES;
				CLANG_WARN_COMMA = YES;
				CLANG_WARN_CONSTANT_CONVERSION = YES;
				CLANG_WARN_DEPRECATED_OBJC_IMPLEMENTATIONS = YES;
				CLANG_WARN_DIRECT_OBJC_ISA_USAGE = YES_ERROR;
				CLANG_WARN_DOCUMENTATION_COMMENTS = YES;
				CLANG_WARN_EMPTY_BODY = YES;
				CLANG_WARN_ENUM_CONVERSION = YES;
				CLANG_WARN_INFINITE_RECURSION = YES;
				CLANG_WARN_INT_CONVERSION = YES;
				CLANG_WARN_NON_LITERAL_NULL_CONVERSION = YES;
				CLANG_WARN_OBJC_IMPLICIT_RETAIN_SELF = YES;
				CLANG_WARN_OBJC_LITERAL_CONVERSION = YES;
				CLANG_WARN_OBJC_ROOT_CLASS = YES_ERROR;
				CLANG_WARN_QUOTED_INCLUDE_IN_FRAMEWORK_HEADER = YES;
				CLANG_WARN_RANGE_LOOP_ANALYSIS = YES;
				CLANG_WARN_STRICT_PROTOTYPES = YES;
				CLANG_WARN_SUSPICIOUS_MOVE = YES;
				CLANG_WARN_UNGUARDED_AVAILABILITY = YES_AGGRESSIVE;
				CLANG_WARN_UNREACHABLE_CODE = YES;
				CLANG_WARN__DUPLICATE_METHOD_MATCH = YES;
				COPY_PHASE_STRIP = NO;
				DEBUG_INFORMATION_FORMAT = "dwarf-with-dsym";
				ENABLE_NS_ASSERTIONS = NO;
				ENABLE_STRICT_OBJC_MSGSEND = YES;
				ENABLE_USER_SCRIPT_SANDBOXING = YES;
				GCC_C_LANGUAGE_STANDARD = gnu17;
				GCC_NO_COMMON_BLOCKS = YES;
				GCC_WARN_64_TO_32_BIT_CONVERSION = YES;
				GCC_WARN_ABOUT_RETURN_TYPE = YES_ERROR;
				GCC_WARN_UNDECLARED_SELECTOR = YES;
				GCC_WARN_UNINITIALIZED_AUTOS = YES_AGGRESSIVE;
				GCC_WARN_UNUSED_FUNCTION = YES;
				GCC_WARN_UNUSED_VARIABLE = YES;
				LOCALIZATION_PREFERS_STRING_CATALOGS = YES;
				MACOSX_DEPLOYMENT_TARGET = 14.0;
				MTL_ENABLE_DEBUG_INFO = NO;
				MTL_FAST_MATH = YES;
				SDKROOT = macosx;
				SWIFT_COMPILATION_MODE = wholemodule;
			};
			name = Release;
		};
		36DA3CEB2C6351C7003DD7F1 /* Debug */ = {
			isa = XCBuildConfiguration;
			buildSettings = {
				CODE_SIGN_STYLE = Automatic;
				PRODUCT_NAME = "$(TARGET_NAME)";
				SWIFT_VERSION = 5.0;
			};
			name = Debug;
		};
		36DA3CEC2C6351C7003DD7F1 /* Release */ = {
			isa = XCBuildConfiguration;
			buildSettings = {
				CODE_SIGN_STYLE = Automatic;
				PRODUCT_NAME = "$(TARGET_NAME)";
				SWIFT_VERSION = 5.0;
			};
			name = Release;
		};
/* End XCBuildConfiguration section */

/* Begin XCConfigurationList section */
		36DA3CDE2C6351C7003DD7F1 /* Build configuration list for PBXProject "Algorithms" */ = {
			isa = XCConfigurationList;
			buildConfigurations = (
				36DA3CE82C6351C7003DD7F1 /* Debug */,
				36DA3CE92C6351C7003DD7F1 /* Release */,
			);
			defaultConfigurationIsVisible = 0;
			defaultConfigurationName = Release;
		};
		36DA3CEA2C6351C7003DD7F1 /* Build configuration list for PBXNativeTarget "Algorithms" */ = {
			isa = XCConfigurationList;
			buildConfigurations = (
				36DA3CEB2C6351C7003DD7F1 /* Debug */,
				36DA3CEC2C6351C7003DD7F1 /* Release */,
			);
			defaultConfigurationIsVisible = 0;
			defaultConfigurationName = Release;
		};
/* End XCConfigurationList section */
	};
	rootObject = 36DA3CDB2C6351C7003DD7F1 /* Project object */;
}
